
Microsoft Visual Studio Solution File, Format Version 12.00
# Visual Studio Version 16
VisualStudioVersion = 16.0.30804.86
MinimumVisualStudioVersion = 10.0.40219.1
Project("{2150E333-8FDC-42A3-9474-1A3956D46DE8}") = "Application", "Application", "{0D06ADB5-CEA9-4D42-823D-DBF3CFC97D4F}"
EndProject
Project("{2150E333-8FDC-42A3-9474-1A3956D46DE8}") = "Domain", "Domain", "{BEA72766-3862-4D33-9B88-40B724AFE6A4}"
EndProject
Project("{2150E333-8FDC-42A3-9474-1A3956D46DE8}") = "InfraData", "InfraData", "{6FA93CF3-4E5D-44DD-988F-C92501EBF289}"
EndProject
Project("{2150E333-8FDC-42A3-9474-1A3956D46DE8}") = "InfraIoC", "InfraIoC", "{7D32BCCC-DC2E-4252-B5E3-C0FA412CBBFF}"
EndProject
Project("{2150E333-8FDC-42A3-9474-1A3956D46DE8}") = "presentaion", "presentaion", "{86030263-9FCB-43D9-B1E7-33846789ABA8}"
EndProject
Project("{9A19103F-16F7-4668-BE54-9A1E7A4F7556}") = "Hiva.Mvc", "Hiva.Mvc\Hiva.Mvc.csproj", "{6648AB77-0138-4A7C-A956-421E13487DAA}"
EndProject
Project("{FAE04EC0-301F-11D3-BF4B-00C04F79EFBC}") = "Hiva.Domain", "Hiva.Domain\Hiva.Domain.csproj", "{0F485D54-9078-4ACD-9536-1B7DC6E8DBAE}"
EndProject
Global
	GlobalSection(SolutionConfigurationPlatforms) = preSolution
		Debug|Any CPU = Debug|Any CPU
		Release|Any CPU = Release|Any CPU
	EndGlobalSection
	GlobalSection(ProjectConfigurationPlatforms) = postSolution
		{6648AB77-0138-4A7C-A956-421E13487DAA}.Debug|Any CPU.ActiveCfg = Debug|Any CPU
		{6648AB77-0138-4A7C-A956-421E13487DAA}.Debug|Any CPU.Build.0 = Debug|Any CPU
		{6648AB77-0138-4A7C-A956-421E13487DAA}.Release|Any CPU.ActiveCfg = Release|Any CPU
		{6648AB77-0138-4A7C-A956-421E13487DAA}.Release|Any CPU.Build.0 = Release|Any CPU
		{0F485D54-9078-4ACD-9536-1B7DC6E8DBAE}.Debug|Any CPU.ActiveCfg = Debug|Any CPU
		{0F485D54-9078-4ACD-9536-1B7DC6E8DBAE}.Debug|Any CPU.Build.0 = Debug|Any CPU
		{0F485D54-9078-4ACD-9536-1B7DC6E8DBAE}.Release|Any CPU.ActiveCfg = Release|Any CPU
		{0F485D54-9078-4ACD-9536-1B7DC6E8DBAE}.Release|Any CPU.Build.0 = Release|Any CPU
	EndGlobalSection
	GlobalSection(SolutionProperties) = preSolution
		HideSolutionNode = FALSE
	EndGlobalSection
	GlobalSection(NestedProjects) = preSolution
		{6648AB77-0138-4A7C-A956-421E13487DAA} = {86030263-9FCB-43D9-B1E7-33846789ABA8}
		{0F485D54-9078-4ACD-9536-1B7DC6E8DBAE} = {BEA72766-3862-4D33-9B88-40B724AFE6A4}
	EndGlobalSection
	GlobalSection(ExtensibilityGlobals) = postSolution
		SolutionGuid = {EDF08648-2C4A-4DD6-BCAE-531EE922AA6A}
	EndGlobalSection
EndGlobal
